// !$*UTF8*$!
{
	archiveVersion = 1;
	classes = {
	};
	objectVersion = 46;
	objects = {

/* Begin PBXBuildFile section */
		F866FECB1A72E83C0063473F /* main.m in Sources */ = {isa = PBXBuildFile; fileRef = F866FECA1A72E83C0063473F /* main.m */; };
		F866FECE1A72E83C0063473F /* AppDelegate.m in Sources */ = {isa = PBXBuildFile; fileRef = F866FECD1A72E83C0063473F /* AppDelegate.m */; };
		F866FED61A72E83C0063473F /* Images.xcassets in Resources */ = {isa = PBXBuildFile; fileRef = F866FED51A72E83C0063473F /* Images.xcassets */; };
		F866FEE51A72E83C0063473F /* contractMgr2Tests.m in Sources */ = {isa = PBXBuildFile; fileRef = F866FEE41A72E83C0063473F /* contractMgr2Tests.m */; };
		F866FEF11A72EA8D0063473F /* ViewController.m in Sources */ = {isa = PBXBuildFile; fileRef = F866FEEF1A72EA8D0063473F /* ViewController.m */; };
		F866FEF21A72EA8D0063473F /* ViewController.xib in Resources */ = {isa = PBXBuildFile; fileRef = F866FEF01A72EA8D0063473F /* ViewController.xib */; };
		F866FEF91A72F41B0063473F /* Contact.m in Sources */ = {isa = PBXBuildFile; fileRef = F866FEF81A72F41B0063473F /* Contact.m */; };
		F866FEFE1A734AA00063473F /* ContactSvcCache.m in Sources */ = {isa = PBXBuildFile; fileRef = F866FEFD1A734AA00063473F /* ContactSvcCache.m */; };
		F8A8FE331A7D094C00B25407 /* MainStoryboard.storyboard in Resources */ = {isa = PBXBuildFile; fileRef = F8A8FE321A7D094C00B25407 /* MainStoryboard.storyboard */; };
/* End PBXBuildFile section */

/* Begin PBXContainerItemProxy section */
		F866FEDF1A72E83C0063473F /* PBXContainerItemProxy */ = {
			isa = PBXContainerItemProxy;
			containerPortal = F866FEBD1A72E83C0063473F /* Project object */;
			proxyType = 1;
			remoteGlobalIDString = F866FEC41A72E83C0063473F;
			remoteInfo = contractMgr2;
		};
/* End PBXContainerItemProxy section */

/* Begin PBXFileReference section */
		F866FEC51A72E83C0063473F /* contractMgr2.app */ = {isa = PBXFileReference; explicitFileType = wrapper.application; includeInIndex = 0; path = contractMgr2.app; sourceTree = BUILT_PRODUCTS_DIR; };
		F866FEC91A72E83C0063473F /* Info.plist */ = {isa = PBXFileReference; lastKnownFileType = text.plist.xml; path = Info.plist; sourceTree = "<group>"; };
		F866FECA1A72E83C0063473F /* main.m */ = {isa = PBXFileReference; lastKnownFileType = sourcecode.c.objc; path = main.m; sourceTree = "<group>"; };
		F866FECC1A72E83C0063473F /* AppDelegate.h */ = {isa = PBXFileReference; lastKnownFileType = sourcecode.c.h; path = AppDelegate.h; sourceTree = "<group>"; };
		F866FECD1A72E83C0063473F /* AppDelegate.m */ = {isa = PBXFileReference; lastKnownFileType = sourcecode.c.objc; path = AppDelegate.m; sourceTree = "<group>"; };
		F866FED51A72E83C0063473F /* Images.xcassets */ = {isa = PBXFileReference; lastKnownFileType = folder.assetcatalog; path = Images.xcassets; sourceTree = "<group>"; };
		F866FEDE1A72E83C0063473F /* contractMgr2Tests.xctest */ = {isa = PBXFileReference; explicitFileType = wrapper.cfbundle; includeInIndex = 0; path = contractMgr2Tests.xctest; sourceTree = BUILT_PRODUCTS_DIR; };
		F866FEE31A72E83C0063473F /* Info.plist */ = {isa = PBXFileReference; lastKnownFileType = text.plist.xml; path = Info.plist; sourceTree = "<group>"; };
		F866FEE41A72E83C0063473F /* contractMgr2Tests.m */ = {isa = PBXFileReference; lastKnownFileType = sourcecode.c.objc; path = contractMgr2Tests.m; sourceTree = "<group>"; };
		F866FEEE1A72EA8D0063473F /* ViewController.h */ = {isa = PBXFileReference; fileEncoding = 4; lastKnownFileType = sourcecode.c.h; path = ViewController.h; sourceTree = "<group>"; };
		F866FEEF1A72EA8D0063473F /* ViewController.m */ = {isa = PBXFileReference; fileEncoding = 4; lastKnownFileType = sourcecode.c.objc; path = ViewController.m; sourceTree = "<group>"; };
		F866FEF01A72EA8D0063473F /* ViewController.xib */ = {isa = PBXFileReference; fileEncoding = 4; lastKnownFileType = file.xib; path = ViewController.xib; sourceTree = "<group>"; };
		F866FEF71A72F41B0063473F /* Contact.h */ = {isa = PBXFileReference; fileEncoding = 4; lastKnownFileType = sourcecode.c.h; path = Contact.h; sourceTree = "<group>"; };
		F866FEF81A72F41B0063473F /* Contact.m */ = {isa = PBXFileReference; fileEncoding = 4; lastKnownFileType = sourcecode.c.objc; path = Contact.m; sourceTree = "<group>"; };
		F866FEFB1A7349670063473F /* ContactSvc.h */ = {isa = PBXFileReference; fileEncoding = 4; lastKnownFileType = sourcecode.c.h; path = ContactSvc.h; sourceTree = "<group>"; };
		F866FEFC1A734AA00063473F /* ContactSvcCache.h */ = {isa = PBXFileReference; fileEncoding = 4; lastKnownFileType = sourcecode.c.h; path = ContactSvcCache.h; sourceTree = "<group>"; };
		F866FEFD1A734AA00063473F /* ContactSvcCache.m */ = {isa = PBXFileReference; fileEncoding = 4; lastKnownFileType = sourcecode.c.objc; path = ContactSvcCache.m; sourceTree = "<group>"; };
		F8A8FE321A7D094C00B25407 /* MainStoryboard.storyboard */ = {isa = PBXFileReference; fileEncoding = 4; lastKnownFileType = file.storyboard; path = MainStoryboard.storyboard; sourceTree = "<group>"; };
/* End PBXFileReference section */

/* Begin PBXFrameworksBuildPhase section */
		F866FEC21A72E83C0063473F /* Frameworks */ = {
			isa = PBXFrameworksBuildPhase;
			buildActionMask = 2147483647;
			files = (
			);
			runOnlyForDeploymentPostprocessing = 0;
		};
		F866FEDB1A72E83C0063473F /* Frameworks */ = {
			isa = PBXFrameworksBuildPhase;
			buildActionMask = 2147483647;
			files = (
			);
			runOnlyForDeploymentPostprocessing = 0;
		};
/* End PBXFrameworksBuildPhase section */

/* Begin PBXGroup section */
		F866FEBC1A72E83C0063473F = {
			isa = PBXGroup;
			children = (
				F866FEC71A72E83C0063473F /* contractMgr2 */,
				F866FEE11A72E83C0063473F /* contractMgr2Tests */,
				F866FEC61A72E83C0063473F /* Products */,
			);
			sourceTree = "<group>";
		};
		F866FEC61A72E83C0063473F /* Products */ = {
			isa = PBXGroup;
			children = (
				F866FEC51A72E83C0063473F /* contractMgr2.app */,
				F866FEDE1A72E83C0063473F /* contractMgr2Tests.xctest */,
			);
			name = Products;
			sourceTree = "<group>";
		};
		F866FEC71A72E83C0063473F /* contractMgr2 */ = {
			isa = PBXGroup;
			children = (
				F866FEF31A72F2EC0063473F /* Model */,
				F866FECC1A72E83C0063473F /* AppDelegate.h */,
				F866FECD1A72E83C0063473F /* AppDelegate.m */,
				F866FEEE1A72EA8D0063473F /* ViewController.h */,
				F866FEEF1A72EA8D0063473F /* ViewController.m */,
				F866FEF01A72EA8D0063473F /* ViewController.xib */,
				F8A8FE321A7D094C00B25407 /* MainStoryboard.storyboard */,
				F866FED51A72E83C0063473F /* Images.xcassets */,
				F866FEC81A72E83C0063473F /* Supporting Files */,
			);
			path = contractMgr2;
			sourceTree = "<group>";
		};
		F866FEC81A72E83C0063473F /* Supporting Files */ = {
			isa = PBXGroup;
			children = (
				F866FEC91A72E83C0063473F /* Info.plist */,
				F866FECA1A72E83C0063473F /* main.m */,
			);
			name = "Supporting Files";
			sourceTree = "<group>";
		};
		F866FEE11A72E83C0063473F /* contractMgr2Tests */ = {
			isa = PBXGroup;
			children = (
				F866FEE41A72E83C0063473F /* contractMgr2Tests.m */,
				F866FEE21A72E83C0063473F /* Supporting Files */,
			);
			path = contractMgr2Tests;
			sourceTree = "<group>";
		};
		F866FEE21A72E83C0063473F /* Supporting Files */ = {
			isa = PBXGroup;
			children = (
				F866FEE31A72E83C0063473F /* Info.plist */,
			);
			name = "Supporting Files";
			sourceTree = "<group>";
		};
		F866FEF31A72F2EC0063473F /* Model */ = {
			isa = PBXGroup;
			children = (
				F866FEF71A72F41B0063473F /* Contact.h */,
				F866FEF81A72F41B0063473F /* Contact.m */,
				F866FEFB1A7349670063473F /* ContactSvc.h */,
				F866FEFC1A734AA00063473F /* ContactSvcCache.h */,
				F866FEFD1A734AA00063473F /* ContactSvcCache.m */,
			);
			name = Model;
			sourceTree = "<group>";
		};
/* End PBXGroup section */

/* Begin PBXNativeTarget section */
		F866FEC41A72E83C0063473F /* contractMgr2 */ = {
			isa = PBXNativeTarget;
			buildConfigurationList = F866FEE81A72E83C0063473F /* Build configuration list for PBXNativeTarget "contractMgr2" */;
			buildPhases = (
				F866FEC11A72E83C0063473F /* Sources */,
				F866FEC21A72E83C0063473F /* Frameworks */,
				F866FEC31A72E83C0063473F /* Resources */,
			);
			buildRules = (
			);
			dependencies = (
			);
			name = contractMgr2;
			productName = contractMgr2;
			productReference = F866FEC51A72E83C0063473F /* contractMgr2.app */;
			productType = "com.apple.product-type.application";
		};
		F866FEDD1A72E83C0063473F /* contractMgr2Tests */ = {
			isa = PBXNativeTarget;
			buildConfigurationList = F866FEEB1A72E83C0063473F /* Build configuration list for PBXNativeTarget "contractMgr2Tests" */;
			buildPhases = (
				F866FEDA1A72E83C0063473F /* Sources */,
				F866FEDB1A72E83C0063473F /* Frameworks */,
				F866FEDC1A72E83C0063473F /* Resources */,
			);
			buildRules = (
			);
			dependencies = (
				F866FEE01A72E83C0063473F /* PBXTargetDependency */,
			);
			name = contractMgr2Tests;
			productName = contractMgr2Tests;
			productReference = F866FEDE1A72E83C0063473F /* contractMgr2Tests.xctest */;
			productType = "com.apple.product-type.bundle.unit-test";
		};
/* End PBXNativeTarget section */

/* Begin PBXProject section */
		F866FEBD1A72E83C0063473F /* Project object */ = {
			isa = PBXProject;
			attributes = {
				LastUpgradeCheck = 0610;
				ORGANIZATIONNAME = "MSSE 650";
				TargetAttributes = {
					F866FEC41A72E83C0063473F = {
						CreatedOnToolsVersion = 6.1.1;
					};
					F866FEDD1A72E83C0063473F = {
						CreatedOnToolsVersion = 6.1.1;
						TestTargetID = F866FEC41A72E83C0063473F;
					};
				};
			};
			buildConfigurationList = F866FEC01A72E83C0063473F /* Build configuration list for PBXProject "contractMgr2" */;
			compatibilityVersion = "Xcode 3.2";
			developmentRegion = English;
			hasScannedForEncodings = 0;
			knownRegions = (
				en,
				Base,
			);
			mainGroup = F866FEBC1A72E83C0063473F;
			productRefGroup = F866FEC61A72E83C0063473F /* Products */;
			projectDirPath = "";
			projectRoot = "";
			targets = (
				F866FEC41A72E83C0063473F /* contractMgr2 */,
				F866FEDD1A72E83C0063473F /* contractMgr2Tests */,
			);
		};
/* End PBXProject section */

/* Begin PBXResourcesBuildPhase section */
		F866FEC31A72E83C0063473F /* Resources */ = {
			isa = PBXResourcesBuildPhase;
			buildActionMask = 2147483647;
			files = (
				F8A8FE331A7D094C00B25407 /* MainStoryboard.storyboard in Resources */,
				F866FEF21A72EA8D0063473F /* ViewController.xib in Resources */,
				F866FED61A72E83C0063473F /* Images.xcassets in Resources */,
			);
			runOnlyForDeploymentPostprocessing = 0;
		};
		F866FEDC1A72E83C0063473F /* Resources */ = {
			isa = PBXResourcesBuildPhase;
			buildActionMask = 2147483647;
			files = (
			);
			runOnlyForDeploymentPostprocessing = 0;
		};
/* End PBXResourcesBuildPhase section */

/* Begin PBXSourcesBuildPhase section */
		F866FEC11A72E83C0063473F /* Sources */ = {
			isa = PBXSourcesBuildPhase;
			buildActionMask = 2147483647;
			files = (
				F866FEFE1A734AA00063473F /* ContactSvcCache.m in Sources */,
				F866FEF91A72F41B0063473F /* Contact.m in Sources */,
				F866FEF11A72EA8D0063473F /* ViewController.m in Sources */,
				F866FECE1A72E83C0063473F /* AppDelegate.m in Sources */,
				F866FECB1A72E83C0063473F /* main.m in Sources */,
			);
			runOnlyForDeploymentPostprocessing = 0;
		};
		F866FEDA1A72E83C0063473F /* Sources */ = {
			isa = PBXSourcesBuildPhase;
			buildActionMask = 2147483647;
			files = (
				F866FEE51A72E83C0063473F /* contractMgr2Tests.m in Sources */,
			);
			runOnlyForDeploymentPostprocessing = 0;
		};
/* End PBXSourcesBuildPhase section */

/* Begin PBXTargetDependency section */
		F866FEE01A72E83C0063473F /* PBXTargetDependency */ = {
			isa = PBXTargetDependency;
			target = F866FEC41A72E83C0063473F /* contractMgr2 */;
			targetProxy = F866FEDF1A72E83C0063473F /* PBXContainerItemProxy */;
		};
/* End PBXTargetDependency section */

/* Begin XCBuildConfiguration section */
		F866FEE61A72E83C0063473F /* Debug */ = {
			isa = XCBuildConfiguration;
			buildSettings = {
				ALWAYS_SEARCH_USER_PATHS = NO;
				CLANG_CXX_LANGUAGE_STANDARD = "gnu++0x";
				CLANG_CXX_LIBRARY = "libc++";
				CLANG_ENABLE_MODULES = YES;
				CLANG_ENABLE_OBJC_ARC = YES;
				CLANG_WARN_BOOL_CONVERSION = YES;
				CLANG_WARN_CONSTANT_CONVERSION = YES;
				CLANG_WARN_DIRECT_OBJC_ISA_USAGE = YES_ERROR;
				CLANG_WARN_EMPTY_BODY = YES;
				CLANG_WARN_ENUM_CONVERSION = YES;
				CLANG_WARN_INT_CONVERSION = YES;
				CLANG_WARN_OBJC_ROOT_CLASS = YES_ERROR;
				CLANG_WARN_UNREACHABLE_CODE = YES;
				CLANG_WARN__DUPLICATE_METHOD_MATCH = YES;
				"CODE_SIGN_IDENTITY[sdk=iphoneos*]" = "iPhone Developer";
				COPY_PHASE_STRIP = NO;
				ENABLE_STRICT_OBJC_MSGSEND = YES;
				GCC_C_LANGUAGE_STANDARD = gnu99;
				GCC_DYNAMIC_NO_PIC = NO;
				GCC_OPTIMIZATION_LEVEL = 0;
				GCC_PREPROCESSOR_DEFINITIONS = (
					"DEBUG=1",
					"$(inherited)",
				);
				GCC_SYMBOLS_PRIVATE_EXTERN = NO;
				GCC_WARN_64_TO_32_BIT_CONVERSION = YES;
				GCC_WARN_ABOUT_RETURN_TYPE = YES_ERROR;
				GCC_WARN_UNDECLARED_SELECTOR = YES;
				GCC_WARN_UNINITIALIZED_AUTOS = YES_AGGRESSIVE;
				GCC_WARN_UNUSED_FUNCTION = YES;
				GCC_WARN_UNUSED_VARIABLE = YES;
				IPHONEOS_DEPLOYMENT_TARGET = 8.1;
				MTL_ENABLE_DEBUG_INFO = YES;
				ONLY_ACTIVE_ARCH = YES;
				SDKROOT = iphoneos;
			};
			name = Debug;
		};
		F866FEE71A72E83C0063473F /* Release */ = {
			isa = XCBuildConfiguration;
			buildSettings = {
				ALWAYS_SEARCH_USER_PATHS = NO;
				CLANG_CXX_LANGUAGE_STANDARD = "gnu++0x";
				CLANG_CXX_LIBRARY = "libc++";
				CLANG_ENABLE_MODULES = YES;
				CLANG_ENABLE_OBJC_ARC = YES;
				CLANG_WARN_BOOL_CONVERSION = YES;
				CLANG_WARN_CONSTANT_CONVERSION = YES;
				CLANG_WARN_DIRECT_OBJC_ISA_USAGE = YES_ERROR;
				CLANG_WARN_EMPTY_BODY = YES;
				CLANG_WARN_ENUM_CONVERSION = YES;
				CLANG_WARN_INT_CONVERSION = YES;
				CLANG_WARN_OBJC_ROOT_CLASS = YES_ERROR;
				CLANG_WARN_UNREACHABLE_CODE = YES;
				CLANG_WARN__DUPLICATE_METHOD_MATCH = YES;
				"CODE_SIGN_IDENTITY[sdk=iphoneos*]" = "iPhone Developer";
				COPY_PHASE_STRIP = YES;
				ENABLE_NS_ASSERTIONS = NO;
				ENABLE_STRICT_OBJC_MSGSEND = YES;
				GCC_C_LANGUAGE_STANDARD = gnu99;
				GCC_WARN_64_TO_32_BIT_CONVERSION = YES;
				GCC_WARN_ABOUT_RETURN_TYPE = YES_ERROR;
				GCC_WARN_UNDECLARED_SELECTOR = YES;
				GCC_WARN_UNINITIALIZED_AUTOS = YES_AGGRESSIVE;
				GCC_WARN_UNUSED_FUNCTION = YES;
				GCC_WARN_UNUSED_VARIABLE = YES;
				IPHONEOS_DEPLOYMENT_TARGET = 8.1;
				MTL_ENABLE_DEBUG_INFO = NO;
				SDKROOT = iphoneos;
				VALIDATE_PRODUCT = YES;
			};
			name = Release;
		};
		F866FEE91A72E83C0063473F /* Debug */ = {
			isa = XCBuildConfiguration;
			buildSettings = {
				ASSETCATALOG_COMPILER_APPICON_NAME = AppIcon;
				INFOPLIST_FILE = contractMgr2/Info.plist;
				LD_RUNPATH_SEARCH_PATHS = "$(inherited) @executable_path/Frameworks";
				PRODUCT_NAME = "$(TARGET_NAME)";
			};
			name = Debug;
		};
		F866FEEA1A72E83C0063473F /* Release */ = {
			isa = XCBuildConfiguration;
			buildSettings = {
				ASSETCATALOG_COMPILER_APPICON_NAME = AppIcon;
				INFOPLIST_FILE = contractMgr2/Info.plist;
				LD_RUNPATH_SEARCH_PATHS = "$(inherited) @executable_path/Frameworks";
				PRODUCT_NAME = "$(TARGET_NAME)";
			};
			name = Release;
		};
		F866FEEC1A72E83C0063473F /* Debug */ = {
			isa = XCBuildConfiguration;
			buildSettings = {
				BUNDLE_LOADER = "$(TEST_HOST)";
				FRAMEWORK_SEARCH_PATHS = (
					"$(SDKROOT)/Developer/Library/Frameworks",
					"$(inherited)",
				);
				GCC_PREPROCESSOR_DEFINITIONS = (
					"DEBUG=1",
					"$(inherited)",
				);
				INFOPLIST_FILE = contractMgr2Tests/Info.plist;
				LD_RUNPATH_SEARCH_PATHS = "$(inherited) @executable_path/Frameworks @loader_path/Frameworks";
				PRODUCT_NAME = "$(TARGET_NAME)";
				TEST_HOST = "$(BUILT_PRODUCTS_DIR)/contractMgr2.app/contractMgr2";
			};
			name = Debug;
		};
		F866FEED1A72E83C0063473F /* Release */ = {
			isa = XCBuildConfiguration;
			buildSettings = {
				BUNDLE_LOADER = "$(TEST_HOST)";
				FRAMEWORK_SEARCH_PATHS = (
					"$(SDKROOT)/Developer/Library/Frameworks",
					"$(inherited)",
				);
				INFOPLIST_FILE = contractMgr2Tests/Info.plist;
				LD_RUNPATH_SEARCH_PATHS = "$(inherited) @executable_path/Frameworks @loader_path/Frameworks";
				PRODUCT_NAME = "$(TARGET_NAME)";
				TEST_HOST = "$(BUILT_PRODUCTS_DIR)/contractMgr2.app/contractMgr2";
			};
			name = Release;
		};
/* End XCBuildConfiguration section */

/* Begin XCConfigurationList section */
		F866FEC01A72E83C0063473F /* Build configuration list for PBXProject "contractMgr2" */ = {
			isa = XCConfigurationList;
			buildConfigurations = (
				F866FEE61A72E83C0063473F /* Debug */,
				F866FEE71A72E83C0063473F /* Release */,
			);
			defaultConfigurationIsVisible = 0;
			defaultConfigurationName = Release;
		};
		F866FEE81A72E83C0063473F /* Build configuration list for PBXNativeTarget "contractMgr2" */ = {
			isa = XCConfigurationList;
			buildConfigurations = (
				F866FEE91A72E83C0063473F /* Debug */,
				F866FEEA1A72E83C0063473F /* Release */,
			);
			defaultConfigurationIsVisible = 0;
			defaultConfigurationName = Release;
		};
		F866FEEB1A72E83C0063473F /* Build configuration list for PBXNativeTarget "contractMgr2Tests" */ = {
			isa = XCConfigurationList;
			buildConfigurations = (
				F866FEEC1A72E83C0063473F /* Debug */,
				F866FEED1A72E83C0063473F /* Release */,
			);
			defaultConfigurationIsVisible = 0;
			defaultConfigurationName = Release;
		};
/* End XCConfigurationList section */
	};
	rootObject = F866FEBD1A72E83C0063473F /* Project object */;
}
